
Microsoft Visual Studio Solution File, Format Version 12.00
# Visual Studio Version 17
VisualStudioVersion = 17.9.34607.119
MinimumVisualStudioVersion = 10.0.40219.1
Project("{9A19103F-16F7-4668-BE54-9A1E7A4F7556}") = "EnvanterYonetimSistemi", "OkulYonetimSistemi\EnvanterYonetimSistemi.csproj", "{8FC7680A-1E29-4112-BF03-AE3B45BC1A28}"
EndProject
Global
	GlobalSection(SolutionConfigurationPlatforms) = preSolution
		Debug|Any CPU = Debug|Any CPU
		Release|Any CPU = Release|Any CPU
	EndGlobalSection
	GlobalSection(ProjectConfigurationPlatforms) = postSolution
		{8FC7680A-1E29-4112-BF03-AE3B45BC1A28}.Debug|Any CPU.ActiveCfg = Debug|Any CPU
		{8FC7680A-1E29-4112-BF03-AE3B45BC1A28}.Debug|Any CPU.Build.0 = Debug|Any CPU
		{8FC7680A-1E29-4112-BF03-AE3B45BC1A28}.Release|Any CPU.ActiveCfg = Release|Any CPU
		{8FC7680A-1E29-4112-BF03-AE3B45BC1A28}.Release|Any CPU.Build.0 = Release|Any CPU
	EndGlobalSection
	GlobalSection(SolutionProperties) = preSolution
		HideSolutionNode = FALSE
	EndGlobalSection
	GlobalSection(ExtensibilityGlobals) = postSolution
		SolutionGuid = {3E6B82AB-5698-47D1-94AA-0BAE777DED40}
	EndGlobalSection
EndGlobal
